
Microsoft Visual Studio Solution File, Format Version 12.00
# Visual Studio Version 16
VisualStudioVersion = 16.0.29806.167
MinimumVisualStudioVersion = 10.0.40219.1
Project("{8BC9CEB8-8B4A-11D0-8D11-00A0C91BC942}") = "Mandelbrot", "CaseStudies\Mandelbrot\Mandelbrot.vcxproj", "{4F91F4CC-C365-49F2-BF86-DE511738553A}"
EndProject
Project("{8BC9CEB8-8B4A-11D0-8D11-00A0C91BC942}") = "Polynom", "CaseStudies\Polynom\Polynom.vcxproj", "{5C18B9AE-9A65-4571-A11C-7F4478FB71EE}"
EndProject
Project("{8BC9CEB8-8B4A-11D0-8D11-00A0C91BC942}") = "KnightProblem", "CaseStudies\SpringerProblem\SpringerProblem.vcxproj", "{B270B794-4390-43BB-BADA-0C9A1D1DA2A6}"
EndProject
Project("{8BC9CEB8-8B4A-11D0-8D11-00A0C91BC942}") = "Permutations", "CaseStudies\Permutations\Permutations.vcxproj", "{253E3080-9F17-410A-927E-F3EDCA507077}"
EndProject
Project("{2150E333-8FDC-42A3-9474-1A3956D46DE8}") = "Permutations", "Permutations", "{FE02D751-6BFA-4C45-8E1C-DB363360910C}"
	ProjectSection(SolutionItems) = preProject
		MarkDown\Permutations\PermutationPseudeCode.png = MarkDown\Permutations\PermutationPseudeCode.png
		MarkDown\Permutations\Permutations.adoc = MarkDown\Permutations\Permutations.adoc
	EndProjectSection
EndProject
Project("{2150E333-8FDC-42A3-9474-1A3956D46DE8}") = "SpringerProblem", "SpringerProblem", "{1BE26B8E-3A21-40D3-A0C6-2FF5EA62C8E4}"
	ProjectSection(SolutionItems) = preProject
		MarkDown\SpringerProblem\knight_moves_001.png = MarkDown\SpringerProblem\knight_moves_001.png
		MarkDown\SpringerProblem\knight_moves_002.png = MarkDown\SpringerProblem\knight_moves_002.png
		MarkDown\SpringerProblem\knight_moves_003.png = MarkDown\SpringerProblem\knight_moves_003.png
		MarkDown\SpringerProblem\knight_moves_004.png = MarkDown\SpringerProblem\knight_moves_004.png
		MarkDown\SpringerProblem\knight_moves_005.png = MarkDown\SpringerProblem\knight_moves_005.png
		MarkDown\SpringerProblem\knight_moves_006.png = MarkDown\SpringerProblem\knight_moves_006.png
		MarkDown\SpringerProblem\knight_moves_007.png = MarkDown\SpringerProblem\knight_moves_007.png
		MarkDown\SpringerProblem\knight_moves_008.png = MarkDown\SpringerProblem\knight_moves_008.png
		MarkDown\SpringerProblem\knight_moves_01.svg = MarkDown\SpringerProblem\knight_moves_01.svg
		MarkDown\SpringerProblem\knight_moves_02.svg = MarkDown\SpringerProblem\knight_moves_02.svg
		MarkDown\SpringerProblem\knight_moves_03.svg = MarkDown\SpringerProblem\knight_moves_03.svg
		MarkDown\SpringerProblem\knight_moves_04.svg = MarkDown\SpringerProblem\knight_moves_04.svg
		MarkDown\SpringerProblem\knight_moves_05.svg = MarkDown\SpringerProblem\knight_moves_05.svg
		MarkDown\SpringerProblem\knight_moves_06.svg = MarkDown\SpringerProblem\knight_moves_06.svg
		MarkDown\SpringerProblem\knight_moves_07.svg = MarkDown\SpringerProblem\knight_moves_07.svg
		MarkDown\SpringerProblem\knight_moves_board_example.svg = MarkDown\SpringerProblem\knight_moves_board_example.svg
		MarkDown\SpringerProblem\knight_moves_master_slave.svg = MarkDown\SpringerProblem\knight_moves_master_slave.svg
		MarkDown\SpringerProblem\knight_moves_possible_moves.png = MarkDown\SpringerProblem\knight_moves_possible_moves.png
		MarkDown\SpringerProblem\knight_moves_possible_moves.svg = MarkDown\SpringerProblem\knight_moves_possible_moves.svg
		MarkDown\SpringerProblem\knight_moves_solution_tree.png = MarkDown\SpringerProblem\knight_moves_solution_tree.png
		MarkDown\SpringerProblem\Knight_Moves_Solutions.png = MarkDown\SpringerProblem\Knight_Moves_Solutions.png
		MarkDown\SpringerProblem\knight_moves_start.svg = MarkDown\SpringerProblem\knight_moves_start.svg
		MarkDown\SpringerProblem\Knight_Problem_Single_Solution.png = MarkDown\SpringerProblem\Knight_Problem_Single_Solution.png
		MarkDown\SpringerProblem\KnightsProblem_PseudoCode_01.png = MarkDown\SpringerProblem\KnightsProblem_PseudoCode_01.png
		MarkDown\SpringerProblem\SpringerProblem.adoc = MarkDown\SpringerProblem\SpringerProblem.adoc
		MarkDown\SpringerProblem\SpringerProblem.md = MarkDown\SpringerProblem\SpringerProblem.md
	EndProjectSection
EndProject
Project("{8BC9CEB8-8B4A-11D0-8D11-00A0C91BC942}") = "CollatzSequence", "CaseStudies\CollatzSequence\CollatzSequence.vcxproj", "{0531CAA7-922B-45E3-8B83-AC82D2186EBF}"
EndProject
Project("{2150E333-8FDC-42A3-9474-1A3956D46DE8}") = "CollatzSequence", "CollatzSequence", "{9A6045C5-DA88-477B-809F-DF25A567C741}"
	ProjectSection(SolutionItems) = preProject
		MarkDown\CollatzSequence\CollatzSequence.adoc = MarkDown\CollatzSequence\CollatzSequence.adoc
		MarkDown\CollatzSequence\CollatzSequence.md = MarkDown\CollatzSequence\CollatzSequence.md
	EndProjectSection
EndProject
Project("{8BC9CEB8-8B4A-11D0-8D11-00A0C91BC942}") = "Partitions", "CaseStudies\Partitions\Partitions.vcxproj", "{9C865E9F-2A61-4034-AAEE-B037AD7FA37E}"
EndProject
Project("{2150E333-8FDC-42A3-9474-1A3956D46DE8}") = "Partitions", "Partitions", "{3AEF1E44-3D6E-4702-9E13-7E889AF9E0B5}"
	ProjectSection(SolutionItems) = preProject
		MarkDown\Partitions\PartitionPseudeCode.png = MarkDown\Partitions\PartitionPseudeCode.png
		MarkDown\Partitions\Partitions.adoc = MarkDown\Partitions\Partitions.adoc
		MarkDown\Partitions\Partitions.md = MarkDown\Partitions\Partitions.md
		MarkDown\Partitions\PartitionSet_PseudoCode.svg = MarkDown\Partitions\PartitionSet_PseudoCode.svg
	EndProjectSection
EndProject
Project("{8BC9CEB8-8B4A-11D0-8D11-00A0C91BC942}") = "CodeConverter", "CaseStudies\CodeConverter\CodeConverter.vcxproj", "{8D3E05BA-9DF0-441A-88A7-09DA95C4BDE4}"
EndProject
Project("{8BC9CEB8-8B4A-11D0-8D11-00A0C91BC942}") = "PowerSet", "CaseStudies\PowerSet\PowerSet.vcxproj", "{2C948318-3FFE-419C-A63F-E6FE674DF8E9}"
EndProject
Project("{2150E333-8FDC-42A3-9474-1A3956D46DE8}") = "PowerSet", "PowerSet", "{66556638-3412-4C70-901C-C7B86679A2CD}"
	ProjectSection(SolutionItems) = preProject
		MarkDown\PowerSet\PowerSet.adoc = MarkDown\PowerSet\PowerSet.adoc
		MarkDown\PowerSet\PowerSet.md = MarkDown\PowerSet\PowerSet.md
	EndProjectSection
EndProject
Project("{2150E333-8FDC-42A3-9474-1A3956D46DE8}") = "MarkDown", "MarkDown", "{0C9A9D81-4CA6-466B-B647-022ACE8E79C3}"
EndProject
Project("{2150E333-8FDC-42A3-9474-1A3956D46DE8}") = "Polynoms", "Polynoms", "{7262339A-E38C-4745-9B91-DBDA9F38B39C}"
	ProjectSection(SolutionItems) = preProject
		MarkDown\Polynoms\PolynomDivision01.png = MarkDown\Polynoms\PolynomDivision01.png
		MarkDown\Polynoms\PolynomDivision02.png = MarkDown\Polynoms\PolynomDivision02.png
		MarkDown\Polynoms\PolynomDivision03.png = MarkDown\Polynoms\PolynomDivision03.png
		MarkDown\Polynoms\PolynomDivision04.png = MarkDown\Polynoms\PolynomDivision04.png
		MarkDown\Polynoms\Polynoms.md = MarkDown\Polynoms\Polynoms.md
	EndProjectSection
EndProject
Project("{2150E333-8FDC-42A3-9474-1A3956D46DE8}") = "Josephus", "Josephus", "{10811C36-BEBE-41C5-A3CF-876A1DA2C95B}"
	ProjectSection(SolutionItems) = preProject
		MarkDown\Josephus\Josephus.md = MarkDown\Josephus\Josephus.md
		MarkDown\Josephus\JosephusRing_01_LinkedList.png = MarkDown\Josephus\JosephusRing_01_LinkedList.png
		MarkDown\Josephus\JosephusRing_02_Array.png = MarkDown\Josephus\JosephusRing_02_Array.png
	EndProjectSection
EndProject
Project("{8BC9CEB8-8B4A-11D0-8D11-00A0C91BC942}") = "Josephus", "CaseStudies\Josephus\Josephus.vcxproj", "{5879C022-0F45-4AA7-87B3-7355ADDF34F5}"
EndProject
Project("{8BC9CEB8-8B4A-11D0-8D11-00A0C91BC942}") = "BigInteger", "CaseStudies\BigInteger\BigInteger.vcxproj", "{316BB0F6-B05F-4986-9C81-95156399E869}"
EndProject
Project("{2150E333-8FDC-42A3-9474-1A3956D46DE8}") = "BigInteger", "BigInteger", "{36BCC98E-787D-4EB0-B46A-160DACE32755}"
	ProjectSection(SolutionItems) = preProject
		MarkDown\BigInteger\BigInteger.md = MarkDown\BigInteger\BigInteger.md
		MarkDown\BigInteger\Faculty.png = MarkDown\BigInteger\Faculty.png
		MarkDown\BigInteger\Schulmathematik_Addition_01.png = MarkDown\BigInteger\Schulmathematik_Addition_01.png
		MarkDown\BigInteger\Schulmathematik_Addition_02.png = MarkDown\BigInteger\Schulmathematik_Addition_02.png
		MarkDown\BigInteger\Schulmathematik_Division.png = MarkDown\BigInteger\Schulmathematik_Division.png
		MarkDown\BigInteger\Schulmathematik_Multiplikation.png = MarkDown\BigInteger\Schulmathematik_Multiplikation.png
		MarkDown\BigInteger\Schulmathematik_Subtraktion_01.png = MarkDown\BigInteger\Schulmathematik_Subtraktion_01.png
		MarkDown\BigInteger\Schulmathematik_Subtraktion_02.png = MarkDown\BigInteger\Schulmathematik_Subtraktion_02.png
	EndProjectSection
EndProject
Project("{2150E333-8FDC-42A3-9474-1A3956D46DE8}") = "Palindrom", "Palindrom", "{C25A9D62-26BD-426C-B2F9-273D2E8380AA}"
	ProjectSection(SolutionItems) = preProject
		MarkDown\Palindrom\Palindrom.md = MarkDown\Palindrom\Palindrom.md
		MarkDown\Palindrom\SchulmathematikAddition.png = MarkDown\Palindrom\SchulmathematikAddition.png
	EndProjectSection
EndProject
Project("{8BC9CEB8-8B4A-11D0-8D11-00A0C91BC942}") = "Palindrom", "CaseStudies\Palindrom\Palindrom.vcxproj", "{FF3A77B6-690C-43D3-B8EC-EDEF82F4819E}"
EndProject
Project("{8BC9CEB8-8B4A-11D0-8D11-00A0C91BC942}") = "ParallelPrimes", "CaseStudies\ParallelPrimes\ParallelPrimes.vcxproj", "{BB764893-E121-492C-914C-1667C8CCE117}"
EndProject
Project("{2150E333-8FDC-42A3-9474-1A3956D46DE8}") = "ParallelPrimes", "ParallelPrimes", "{7B332BDD-38AA-421E-8692-EB0792286EA5}"
	ProjectSection(SolutionItems) = preProject
		MarkDown\ParallelPrimes\MultiThreadingPrimeCalculatorArchitecture.png = MarkDown\ParallelPrimes\MultiThreadingPrimeCalculatorArchitecture.png
		MarkDown\ParallelPrimes\ParallelPrimes.md = MarkDown\ParallelPrimes\ParallelPrimes.md
		MarkDown\ParallelPrimes\ParallelPrimesOutput.png = MarkDown\ParallelPrimes\ParallelPrimesOutput.png
	EndProjectSection
EndProject
Global
	GlobalSection(SolutionConfigurationPlatforms) = preSolution
		Debug|x64 = Debug|x64
		Debug|x86 = Debug|x86
		Release|x64 = Release|x64
		Release|x86 = Release|x86
	EndGlobalSection
	GlobalSection(ProjectConfigurationPlatforms) = postSolution
		{4F91F4CC-C365-49F2-BF86-DE511738553A}.Debug|x64.ActiveCfg = Debug|x64
		{4F91F4CC-C365-49F2-BF86-DE511738553A}.Debug|x64.Build.0 = Debug|x64
		{4F91F4CC-C365-49F2-BF86-DE511738553A}.Debug|x86.ActiveCfg = Debug|Win32
		{4F91F4CC-C365-49F2-BF86-DE511738553A}.Debug|x86.Build.0 = Debug|Win32
		{4F91F4CC-C365-49F2-BF86-DE511738553A}.Release|x64.ActiveCfg = Release|x64
		{4F91F4CC-C365-49F2-BF86-DE511738553A}.Release|x64.Build.0 = Release|x64
		{4F91F4CC-C365-49F2-BF86-DE511738553A}.Release|x86.ActiveCfg = Release|Win32
		{4F91F4CC-C365-49F2-BF86-DE511738553A}.Release|x86.Build.0 = Release|Win32
		{5C18B9AE-9A65-4571-A11C-7F4478FB71EE}.Debug|x64.ActiveCfg = Debug|x64
		{5C18B9AE-9A65-4571-A11C-7F4478FB71EE}.Debug|x64.Build.0 = Debug|x64
		{5C18B9AE-9A65-4571-A11C-7F4478FB71EE}.Debug|x86.ActiveCfg = Debug|Win32
		{5C18B9AE-9A65-4571-A11C-7F4478FB71EE}.Debug|x86.Build.0 = Debug|Win32
		{5C18B9AE-9A65-4571-A11C-7F4478FB71EE}.Release|x64.ActiveCfg = Release|x64
		{5C18B9AE-9A65-4571-A11C-7F4478FB71EE}.Release|x64.Build.0 = Release|x64
		{5C18B9AE-9A65-4571-A11C-7F4478FB71EE}.Release|x86.ActiveCfg = Release|Win32
		{5C18B9AE-9A65-4571-A11C-7F4478FB71EE}.Release|x86.Build.0 = Release|Win32
		{B270B794-4390-43BB-BADA-0C9A1D1DA2A6}.Debug|x64.ActiveCfg = Debug|x64
		{B270B794-4390-43BB-BADA-0C9A1D1DA2A6}.Debug|x64.Build.0 = Debug|x64
		{B270B794-4390-43BB-BADA-0C9A1D1DA2A6}.Debug|x86.ActiveCfg = Debug|Win32
		{B270B794-4390-43BB-BADA-0C9A1D1DA2A6}.Debug|x86.Build.0 = Debug|Win32
		{B270B794-4390-43BB-BADA-0C9A1D1DA2A6}.Release|x64.ActiveCfg = Release|x64
		{B270B794-4390-43BB-BADA-0C9A1D1DA2A6}.Release|x64.Build.0 = Release|x64
		{B270B794-4390-43BB-BADA-0C9A1D1DA2A6}.Release|x86.ActiveCfg = Release|Win32
		{B270B794-4390-43BB-BADA-0C9A1D1DA2A6}.Release|x86.Build.0 = Release|Win32
		{253E3080-9F17-410A-927E-F3EDCA507077}.Debug|x64.ActiveCfg = Debug|x64
		{253E3080-9F17-410A-927E-F3EDCA507077}.Debug|x64.Build.0 = Debug|x64
		{253E3080-9F17-410A-927E-F3EDCA507077}.Debug|x86.ActiveCfg = Debug|Win32
		{253E3080-9F17-410A-927E-F3EDCA507077}.Debug|x86.Build.0 = Debug|Win32
		{253E3080-9F17-410A-927E-F3EDCA507077}.Release|x64.ActiveCfg = Release|x64
		{253E3080-9F17-410A-927E-F3EDCA507077}.Release|x64.Build.0 = Release|x64
		{253E3080-9F17-410A-927E-F3EDCA507077}.Release|x86.ActiveCfg = Release|Win32
		{253E3080-9F17-410A-927E-F3EDCA507077}.Release|x86.Build.0 = Release|Win32
		{0531CAA7-922B-45E3-8B83-AC82D2186EBF}.Debug|x64.ActiveCfg = Debug|x64
		{0531CAA7-922B-45E3-8B83-AC82D2186EBF}.Debug|x64.Build.0 = Debug|x64
		{0531CAA7-922B-45E3-8B83-AC82D2186EBF}.Debug|x86.ActiveCfg = Debug|Win32
		{0531CAA7-922B-45E3-8B83-AC82D2186EBF}.Debug|x86.Build.0 = Debug|Win32
		{0531CAA7-922B-45E3-8B83-AC82D2186EBF}.Release|x64.ActiveCfg = Release|x64
		{0531CAA7-922B-45E3-8B83-AC82D2186EBF}.Release|x64.Build.0 = Release|x64
		{0531CAA7-922B-45E3-8B83-AC82D2186EBF}.Release|x86.ActiveCfg = Release|Win32
		{0531CAA7-922B-45E3-8B83-AC82D2186EBF}.Release|x86.Build.0 = Release|Win32
		{9C865E9F-2A61-4034-AAEE-B037AD7FA37E}.Debug|x64.ActiveCfg = Debug|x64
		{9C865E9F-2A61-4034-AAEE-B037AD7FA37E}.Debug|x64.Build.0 = Debug|x64
		{9C865E9F-2A61-4034-AAEE-B037AD7FA37E}.Debug|x86.ActiveCfg = Debug|Win32
		{9C865E9F-2A61-4034-AAEE-B037AD7FA37E}.Debug|x86.Build.0 = Debug|Win32
		{9C865E9F-2A61-4034-AAEE-B037AD7FA37E}.Release|x64.ActiveCfg = Release|x64
		{9C865E9F-2A61-4034-AAEE-B037AD7FA37E}.Release|x64.Build.0 = Release|x64
		{9C865E9F-2A61-4034-AAEE-B037AD7FA37E}.Release|x86.ActiveCfg = Release|Win32
		{9C865E9F-2A61-4034-AAEE-B037AD7FA37E}.Release|x86.Build.0 = Release|Win32
		{8D3E05BA-9DF0-441A-88A7-09DA95C4BDE4}.Debug|x64.ActiveCfg = Debug|x64
		{8D3E05BA-9DF0-441A-88A7-09DA95C4BDE4}.Debug|x64.Build.0 = Debug|x64
		{8D3E05BA-9DF0-441A-88A7-09DA95C4BDE4}.Debug|x86.ActiveCfg = Debug|Win32
		{8D3E05BA-9DF0-441A-88A7-09DA95C4BDE4}.Debug|x86.Build.0 = Debug|Win32
		{8D3E05BA-9DF0-441A-88A7-09DA95C4BDE4}.Release|x64.ActiveCfg = Release|x64
		{8D3E05BA-9DF0-441A-88A7-09DA95C4BDE4}.Release|x64.Build.0 = Release|x64
		{8D3E05BA-9DF0-441A-88A7-09DA95C4BDE4}.Release|x86.ActiveCfg = Release|Win32
		{8D3E05BA-9DF0-441A-88A7-09DA95C4BDE4}.Release|x86.Build.0 = Release|Win32
		{2C948318-3FFE-419C-A63F-E6FE674DF8E9}.Debug|x64.ActiveCfg = Debug|x64
		{2C948318-3FFE-419C-A63F-E6FE674DF8E9}.Debug|x64.Build.0 = Debug|x64
		{2C948318-3FFE-419C-A63F-E6FE674DF8E9}.Debug|x86.ActiveCfg = Debug|Win32
		{2C948318-3FFE-419C-A63F-E6FE674DF8E9}.Debug|x86.Build.0 = Debug|Win32
		{2C948318-3FFE-419C-A63F-E6FE674DF8E9}.Release|x64.ActiveCfg = Release|x64
		{2C948318-3FFE-419C-A63F-E6FE674DF8E9}.Release|x64.Build.0 = Release|x64
		{2C948318-3FFE-419C-A63F-E6FE674DF8E9}.Release|x86.ActiveCfg = Release|Win32
		{2C948318-3FFE-419C-A63F-E6FE674DF8E9}.Release|x86.Build.0 = Release|Win32
		{5879C022-0F45-4AA7-87B3-7355ADDF34F5}.Debug|x64.ActiveCfg = Debug|x64
		{5879C022-0F45-4AA7-87B3-7355ADDF34F5}.Debug|x64.Build.0 = Debug|x64
		{5879C022-0F45-4AA7-87B3-7355ADDF34F5}.Debug|x86.ActiveCfg = Debug|Win32
		{5879C022-0F45-4AA7-87B3-7355ADDF34F5}.Debug|x86.Build.0 = Debug|Win32
		{5879C022-0F45-4AA7-87B3-7355ADDF34F5}.Release|x64.ActiveCfg = Release|x64
		{5879C022-0F45-4AA7-87B3-7355ADDF34F5}.Release|x64.Build.0 = Release|x64
		{5879C022-0F45-4AA7-87B3-7355ADDF34F5}.Release|x86.ActiveCfg = Release|Win32
		{5879C022-0F45-4AA7-87B3-7355ADDF34F5}.Release|x86.Build.0 = Release|Win32
		{316BB0F6-B05F-4986-9C81-95156399E869}.Debug|x64.ActiveCfg = Debug|x64
		{316BB0F6-B05F-4986-9C81-95156399E869}.Debug|x64.Build.0 = Debug|x64
		{316BB0F6-B05F-4986-9C81-95156399E869}.Debug|x86.ActiveCfg = Debug|Win32
		{316BB0F6-B05F-4986-9C81-95156399E869}.Debug|x86.Build.0 = Debug|Win32
		{316BB0F6-B05F-4986-9C81-95156399E869}.Release|x64.ActiveCfg = Release|x64
		{316BB0F6-B05F-4986-9C81-95156399E869}.Release|x64.Build.0 = Release|x64
		{316BB0F6-B05F-4986-9C81-95156399E869}.Release|x86.ActiveCfg = Release|Win32
		{316BB0F6-B05F-4986-9C81-95156399E869}.Release|x86.Build.0 = Release|Win32
		{FF3A77B6-690C-43D3-B8EC-EDEF82F4819E}.Debug|x64.ActiveCfg = Debug|x64
		{FF3A77B6-690C-43D3-B8EC-EDEF82F4819E}.Debug|x64.Build.0 = Debug|x64
		{FF3A77B6-690C-43D3-B8EC-EDEF82F4819E}.Debug|x86.ActiveCfg = Debug|Win32
		{FF3A77B6-690C-43D3-B8EC-EDEF82F4819E}.Debug|x86.Build.0 = Debug|Win32
		{FF3A77B6-690C-43D3-B8EC-EDEF82F4819E}.Release|x64.ActiveCfg = Release|x64
		{FF3A77B6-690C-43D3-B8EC-EDEF82F4819E}.Release|x64.Build.0 = Release|x64
		{FF3A77B6-690C-43D3-B8EC-EDEF82F4819E}.Release|x86.ActiveCfg = Release|Win32
		{FF3A77B6-690C-43D3-B8EC-EDEF82F4819E}.Release|x86.Build.0 = Release|Win32
		{BB764893-E121-492C-914C-1667C8CCE117}.Debug|x64.ActiveCfg = Debug|x64
		{BB764893-E121-492C-914C-1667C8CCE117}.Debug|x64.Build.0 = Debug|x64
		{BB764893-E121-492C-914C-1667C8CCE117}.Debug|x86.ActiveCfg = Debug|Win32
		{BB764893-E121-492C-914C-1667C8CCE117}.Debug|x86.Build.0 = Debug|Win32
		{BB764893-E121-492C-914C-1667C8CCE117}.Release|x64.ActiveCfg = Release|x64
		{BB764893-E121-492C-914C-1667C8CCE117}.Release|x64.Build.0 = Release|x64
		{BB764893-E121-492C-914C-1667C8CCE117}.Release|x86.ActiveCfg = Release|Win32
		{BB764893-E121-492C-914C-1667C8CCE117}.Release|x86.Build.0 = Release|Win32
	EndGlobalSection
	GlobalSection(SolutionProperties) = preSolution
		HideSolutionNode = FALSE
	EndGlobalSection
	GlobalSection(NestedProjects) = preSolution
		{FE02D751-6BFA-4C45-8E1C-DB363360910C} = {0C9A9D81-4CA6-466B-B647-022ACE8E79C3}
		{1BE26B8E-3A21-40D3-A0C6-2FF5EA62C8E4} = {0C9A9D81-4CA6-466B-B647-022ACE8E79C3}
		{9A6045C5-DA88-477B-809F-DF25A567C741} = {0C9A9D81-4CA6-466B-B647-022ACE8E79C3}
		{3AEF1E44-3D6E-4702-9E13-7E889AF9E0B5} = {0C9A9D81-4CA6-466B-B647-022ACE8E79C3}
		{66556638-3412-4C70-901C-C7B86679A2CD} = {0C9A9D81-4CA6-466B-B647-022ACE8E79C3}
		{7262339A-E38C-4745-9B91-DBDA9F38B39C} = {0C9A9D81-4CA6-466B-B647-022ACE8E79C3}
		{10811C36-BEBE-41C5-A3CF-876A1DA2C95B} = {0C9A9D81-4CA6-466B-B647-022ACE8E79C3}
		{36BCC98E-787D-4EB0-B46A-160DACE32755} = {0C9A9D81-4CA6-466B-B647-022ACE8E79C3}
		{C25A9D62-26BD-426C-B2F9-273D2E8380AA} = {0C9A9D81-4CA6-466B-B647-022ACE8E79C3}
		{7B332BDD-38AA-421E-8692-EB0792286EA5} = {0C9A9D81-4CA6-466B-B647-022ACE8E79C3}
	EndGlobalSection
	GlobalSection(ExtensibilityGlobals) = postSolution
		SolutionGuid = {9E1F79F7-0302-48B7-B2E0-D613B35952BF}
	EndGlobalSection
EndGlobal
