<?xml version="1.0" encoding="utf-8"?>
<Project ToolsVersion="4.0" xmlns="http://schemas.microsoft.com/developer/msbuild/2003">
  <ItemGroup>
    <Filter Include="Source Files">
      <UniqueIdentifier>{4FC737F1-C7A5-4376-A066-2A32D752A2FF}</UniqueIdentifier>
      <Extensions>cpp;c;cc;cxx;c++;def;odl;idl;hpj;bat;asm;asmx</Extensions>
    </Filter>
    <Filter Include="Header Files">
      <UniqueIdentifier>{93995380-89BD-4b04-88EB-625FBE52EBFB}</UniqueIdentifier>
      <Extensions>h;hh;hpp;hxx;h++;hm;inl;inc;ipp;xsd</Extensions>
    </Filter>
    <Filter Include="Resource Files">
      <UniqueIdentifier>{67DA6AB6-F800-4c08-8B7A-83BB121AAD01}</UniqueIdentifier>
      <Extensions>rc;ico;cur;bmp;dlg;rc2;rct;bin;rgs;gif;jpg;jpeg;jpe;resx;tiff;tif;png;wav;mfcribbon-ms</Extensions>
    </Filter>
    <Filter Include="Source Files\Board">
      <UniqueIdentifier>{57ef088b-8434-4bc3-9923-0394693a88b4}</UniqueIdentifier>
    </Filter>
    <Filter Include="Source Files\UI">
      <UniqueIdentifier>{2d323c81-5cc3-47d6-a0bf-f584eaaf041f}</UniqueIdentifier>
    </Filter>
    <Filter Include="Source Files\Model">
      <UniqueIdentifier>{c04fffd5-78bd-485f-a180-0a5c3a06108f}</UniqueIdentifier>
    </Filter>
    <Filter Include="Source Files\Actions">
      <UniqueIdentifier>{820e05f5-4aed-466f-b0be-010450fe4169}</UniqueIdentifier>
    </Filter>
    <Filter Include="Source Files\Tetromino">
      <UniqueIdentifier>{03c719d6-c88d-477d-918c-ac96cd68d8ee}</UniqueIdentifier>
    </Filter>
  </ItemGroup>
  <ItemGroup>
    <ClCompile Include="Program.cpp">
      <Filter>Source Files</Filter>
    </ClCompile>
    <ClCompile Include="CellColor.h">
      <Filter>Header Files</Filter>
    </ClCompile>
    <ClCompile Include="CellState.h">
      <Filter>Header Files</Filter>
    </ClCompile>
    <ClCompile Include="TetrisBoard.cpp">
      <Filter>Source Files\Board</Filter>
    </ClCompile>
    <ClCompile Include="TetrisCell.cpp">
      <Filter>Source Files\Board</Filter>
    </ClCompile>
    <ClCompile Include="ConsoleSubsystem.cpp">
      <Filter>Source Files\UI</Filter>
    </ClCompile>
    <ClCompile Include="TetrisModel.cpp">
      <Filter>Source Files\Model</Filter>
    </ClCompile>
    <ClCompile Include="TetrisGame.cpp">
      <Filter>Source Files</Filter>
    </ClCompile>
    <ClCompile Include="CellPoint.cpp">
      <Filter>Source Files\Board</Filter>
    </ClCompile>
    <ClCompile Include="ViewCellList.cpp">
      <Filter>Source Files</Filter>
    </ClCompile>
    <ClCompile Include="ViewCell.cpp">
      <Filter>Source Files</Filter>
    </ClCompile>
    <ClCompile Include="Tetromino_L.cpp">
      <Filter>Source Files\Tetromino</Filter>
    </ClCompile>
    <ClCompile Include="Tetromino.cpp">
      <Filter>Source Files\Tetromino</Filter>
    </ClCompile>
    <ClCompile Include="TetrisAction.cpp">
      <Filter>Source Files\Actions</Filter>
    </ClCompile>
    <ClCompile Include="Tetromino_O.cpp">
      <Filter>Source Files\Tetromino</Filter>
    </ClCompile>
    <ClCompile Include="Tetromino_I.cpp">
      <Filter>Source Files\Tetromino</Filter>
    </ClCompile>
  </ItemGroup>
  <ItemGroup>
    <ClInclude Include="ITetrisBoard.h">
      <Filter>Source Files\Board</Filter>
    </ClInclude>
    <ClInclude Include="TetrisBoard.h">
      <Filter>Source Files\Board</Filter>
    </ClInclude>
    <ClInclude Include="Globals.h">
      <Filter>Header Files</Filter>
    </ClInclude>
    <ClInclude Include="TetrisCell.h">
      <Filter>Source Files\Board</Filter>
    </ClInclude>
    <ClInclude Include="ConsoleSubsystem.h">
      <Filter>Source Files\UI</Filter>
    </ClInclude>
    <ClInclude Include="IUISubsystem.h">
      <Filter>Source Files\UI</Filter>
    </ClInclude>
    <ClInclude Include="TetrisModel.h">
      <Filter>Source Files\Model</Filter>
    </ClInclude>
    <ClInclude Include="TetrisGame.h">
      <Filter>Source Files</Filter>
    </ClInclude>
    <ClInclude Include="Direction.h">
      <Filter>Header Files</Filter>
    </ClInclude>
    <ClInclude Include="ITetrisModel.h">
      <Filter>Source Files\Model</Filter>
    </ClInclude>
    <ClInclude Include="RotationAngle.h">
      <Filter>Source Files\Tetromino</Filter>
    </ClInclude>
    <ClInclude Include="CellPoint.h">
      <Filter>Source Files\Board</Filter>
    </ClInclude>
    <ClInclude Include="ViewCellList.h">
      <Filter>Header Files</Filter>
    </ClInclude>
    <ClInclude Include="ViewCell.h">
      <Filter>Header Files</Filter>
    </ClInclude>
    <ClInclude Include="ITetrisBoardListener.h">
      <Filter>Source Files\Board</Filter>
    </ClInclude>
    <ClInclude Include="ITetrisBoardObserver.h">
      <Filter>Source Files\Board</Filter>
    </ClInclude>
    <ClInclude Include="IKeyboardListener.h">
      <Filter>Source Files\UI</Filter>
    </ClInclude>
    <ClInclude Include="IKeyboardObserver.h">
      <Filter>Source Files\UI</Filter>
    </ClInclude>
    <ClInclude Include="TetrisAction.h">
      <Filter>Header Files</Filter>
    </ClInclude>
    <ClInclude Include="Tetromino.h">
      <Filter>Source Files\Tetromino</Filter>
    </ClInclude>
    <ClInclude Include="Tetromino_L.h">
      <Filter>Source Files\Tetromino</Filter>
    </ClInclude>
    <ClInclude Include="ITetromino.h">
      <Filter>Source Files\Tetromino</Filter>
    </ClInclude>
    <ClInclude Include="TetrisQueue.h">
      <Filter>Source Files\Model</Filter>
    </ClInclude>
    <ClInclude Include="Tetromino_O.h">
      <Filter>Source Files\Tetromino</Filter>
    </ClInclude>
    <ClInclude Include="Tetromino_I.h">
      <Filter>Source Files\Tetromino</Filter>
    </ClInclude>
    <ClInclude Include="TetrisState.h">
      <Filter>Header Files</Filter>
    </ClInclude>
  </ItemGroup>
</Project>