<?xml version="1.0" encoding="utf-8"?>
<Project ToolsVersion="4.0" xmlns="http://schemas.microsoft.com/developer/msbuild/2003">
  <ItemGroup>
    <Filter Include="Source Files">
      <UniqueIdentifier>{4FC737F1-C7A5-4376-A066-2A32D752A2FF}</UniqueIdentifier>
      <Extensions>cpp;c;cc;cxx;c++;cppm;ixx;def;odl;idl;hpj;bat;asm;asmx</Extensions>
    </Filter>
    <Filter Include="Header Files">
      <UniqueIdentifier>{93995380-89BD-4b04-88EB-625FBE52EBFB}</UniqueIdentifier>
      <Extensions>h;hh;hpp;hxx;h++;hm;inl;inc;ipp;xsd</Extensions>
    </Filter>
    <Filter Include="Resource Files">
      <UniqueIdentifier>{67DA6AB6-F800-4c08-8B7A-83BB121AAD01}</UniqueIdentifier>
      <Extensions>rc;ico;cur;bmp;dlg;rc2;rct;bin;rgs;gif;jpg;jpeg;jpe;resx;tiff;tif;png;wav;mfcribbon-ms</Extensions>
    </Filter>
  </ItemGroup>
  <ItemGroup>
    <ClCompile Include="__MNIST_File_Reader_01.cpp">
      <Filter>Source Files</Filter>
    </ClCompile>
    <ClCompile Include="__MNIST_File_Reader_02.cpp">
      <Filter>Source Files</Filter>
    </ClCompile>
    <ClCompile Include="__MNIST_to_SVG_Converter.cpp">
      <Filter>Source Files</Filter>
    </ClCompile>
    <ClCompile Include="__NeuronalNetwork.cpp">
      <Filter>Source Files</Filter>
    </ClCompile>
    <ClCompile Include="__NeuronalNetwork_MNIST.cpp">
      <Filter>Source Files</Filter>
    </ClCompile>
    <ClCompile Include="__NeuronalNetwork_MNIST_ChatGPT.cpp">
      <Filter>Source Files</Filter>
    </ClCompile>
    <ClCompile Include="__NeuronalNetwork_PeLo_MIller_Basic.cpp">
      <Filter>Source Files</Filter>
    </ClCompile>
    <ClCompile Include="NeuralNetworkImpl.cpp">
      <Filter>Source Files</Filter>
    </ClCompile>
    <ClCompile Include="NeuronImpl.cpp">
      <Filter>Source Files</Filter>
    </ClCompile>
    <ClCompile Include="Program.cpp">
      <Filter>Source Files</Filter>
    </ClCompile>
    <ClCompile Include="Program_MNIST.cpp">
      <Filter>Source Files</Filter>
    </ClCompile>
    <ClCompile Include="Program_XOR_Switch.cpp">
      <Filter>Source Files</Filter>
    </ClCompile>
    <ClCompile Include="TrainingAndTestData_MNIST.cpp">
      <Filter>Source Files</Filter>
    </ClCompile>
    <ClCompile Include="TrainingAndTestData_XOR_Switch.cpp">
      <Filter>Source Files</Filter>
    </ClCompile>
  </ItemGroup>
  <ItemGroup>
    <ClInclude Include="Common.h">
      <Filter>Header Files</Filter>
    </ClInclude>
    <ClInclude Include="NeuralNetwork.h">
      <Filter>Header Files</Filter>
    </ClInclude>
    <ClInclude Include="Neuron.h">
      <Filter>Header Files</Filter>
    </ClInclude>
    <ClInclude Include="Random.h">
      <Filter>Header Files</Filter>
    </ClInclude>
    <ClInclude Include="TrainingAndTestData_MNIST.h">
      <Filter>Header Files</Filter>
    </ClInclude>
    <ClInclude Include="TrainingAndTestData_XOR_Switch.h">
      <Filter>Header Files</Filter>
    </ClInclude>
  </ItemGroup>
  <ItemGroup>
    <None Include="Resources\Digit.html">
      <Filter>Resource Files</Filter>
    </None>
    <None Include="Resources\digit.idx">
      <Filter>Resource Files</Filter>
    </None>
    <None Include="Resources\digit.svg">
      <Filter>Resource Files</Filter>
    </None>
    <None Include="Resources\t10k-images-idx3-ubyte">
      <Filter>Resource Files</Filter>
    </None>
    <None Include="Resources\t10k-labels-idx1-ubyte">
      <Filter>Resource Files</Filter>
    </None>
    <None Include="Resources\train-images-idx3-ubyte">
      <Filter>Resource Files</Filter>
    </None>
    <None Include="Resources\train-labels-idx1-ubyte">
      <Filter>Resource Files</Filter>
    </None>
  </ItemGroup>
  <ItemGroup>
    <Text Include="Resources\Training-Data.txt">
      <Filter>Resource Files</Filter>
    </Text>
    <Text Include="Resources\XOR_Test_Data.txt">
      <Filter>Resource Files</Filter>
    </Text>
    <Text Include="Resources\XOR_Training_Data.txt">
      <Filter>Resource Files</Filter>
    </Text>
  </ItemGroup>
</Project>